
Microsoft Visual Studio Solution File, Format Version 12.00
# Visual Studio Version 17
VisualStudioVersion = 17.9.34622.214
MinimumVisualStudioVersion = 10.0.40219.1
Project("{FAE04EC0-301F-11D3-BF4B-00C04F79EFBC}") = "ServerSwitcherV2", "ServerSwitcherV2.csproj", "{0D06D0CE-E02A-4019-9787-1C4A866A81A3}"
EndProject
Global
	GlobalSection(SolutionConfigurationPlatforms) = preSolution
		Debug|Any CPU = Debug|Any CPU
		Release|Any CPU = Release|Any CPU
	EndGlobalSection
	GlobalSection(ProjectConfigurationPlatforms) = postSolution
		{0D06D0CE-E02A-4019-9787-1C4A866A81A3}.Debug|Any CPU.ActiveCfg = Debug|Any CPU
		{0D06D0CE-E02A-4019-9787-1C4A866A81A3}.Debug|Any CPU.Build.0 = Debug|Any CPU
		{0D06D0CE-E02A-4019-9787-1C4A866A81A3}.Release|Any CPU.ActiveCfg = Release|Any CPU
		{0D06D0CE-E02A-4019-9787-1C4A866A81A3}.Release|Any CPU.Build.0 = Release|Any CPU
	EndGlobalSection
	GlobalSection(SolutionProperties) = preSolution
		HideSolutionNode = FALSE
	EndGlobalSection
	GlobalSection(ExtensibilityGlobals) = postSolution
		SolutionGuid = {546B70C0-06A4-4E05-87FE-C71E9B38798C}
	EndGlobalSection
EndGlobal
